
Microsoft Visual Studio Solution File, Format Version 12.00
# Visual Studio Version 17
VisualStudioVersion = 17.5.33502.453
MinimumVisualStudioVersion = 10.0.40219.1
Project("{8BC9CEB8-8B4A-11D0-8D11-00A0C91BC942}") = "Exercise_Pemdas", "Exercise_Pemdas\Exercise_Pemdas.vcxproj", "{533DF257-924C-4223-803B-1BB2841AE373}"
EndProject
Global
	GlobalSection(SolutionConfigurationPlatforms) = preSolution
		Debug|x64 = Debug|x64
		Debug|x86 = Debug|x86
		Release|x64 = Release|x64
		Release|x86 = Release|x86
	EndGlobalSection
	GlobalSection(ProjectConfigurationPlatforms) = postSolution
		{533DF257-924C-4223-803B-1BB2841AE373}.Debug|x64.ActiveCfg = Debug|x64
		{533DF257-924C-4223-803B-1BB2841AE373}.Debug|x64.Build.0 = Debug|x64
		{533DF257-924C-4223-803B-1BB2841AE373}.Debug|x86.ActiveCfg = Debug|Win32
		{533DF257-924C-4223-803B-1BB2841AE373}.Debug|x86.Build.0 = Debug|Win32
		{533DF257-924C-4223-803B-1BB2841AE373}.Release|x64.ActiveCfg = Release|x64
		{533DF257-924C-4223-803B-1BB2841AE373}.Release|x64.Build.0 = Release|x64
		{533DF257-924C-4223-803B-1BB2841AE373}.Release|x86.ActiveCfg = Release|Win32
		{533DF257-924C-4223-803B-1BB2841AE373}.Release|x86.Build.0 = Release|Win32
	EndGlobalSection
	GlobalSection(SolutionProperties) = preSolution
		HideSolutionNode = FALSE
	EndGlobalSection
	GlobalSection(ExtensibilityGlobals) = postSolution
		SolutionGuid = {D3AA8158-BFCA-44DB-B5F0-B96C6C005D21}
	EndGlobalSection
EndGlobal
